<?xml version="1.0" encoding="utf-8"?>
<Project ToolsVersion="4.0" xmlns="http://schemas.microsoft.com/developer/msbuild/2003">
  <ItemGroup>
    <Filter Include="Resources">
      <UniqueIdentifier>6a28a3e9-ccdb-458d-8e54-9da13cd33da4</UniqueIdentifier>
      <Extensions>ico;bmp;dlg;gif;jpg;jpeg;jpe;resx;tiff;tif;png;wav;resw;resjson</Extensions>
    </Filter>
  </ItemGroup>
  <ItemGroup>
    <AppxManifest Include="Package.appxmanifest" />
  </ItemGroup>
  <ItemGroup>
    <ClCompile Include="Main.cpp" />
    <ClCompile Include="View.cpp" />
    <ClCompile Include="DirectXViewProvider.cpp" />
    <ClCompile Include="D2DRenderer.cpp" />
    <ClCompile Include="DirectXBase.cpp" />
    <ClCompile Include="Objects\Puck.cpp" />
    <ClCompile Include="Objects\Stick.cpp" />
    <ClCompile Include="Objects\Player.cpp" />
    <ClCompile Include="Objects\Scene.cpp" />
    <ClCompile Include="Objects\b2UserData.cpp" />
    <ClCompile Include="Objects\Goal.cpp" />
    <ClCompile Include="Objects\Score.cpp" />
    <ClCompile Include="Objects\Game.cpp" />
    <ClCompile Include="Objects\GameMenu.cpp" />
    <ClCompile Include="Utility.cpp" />
    <ClCompile Include="ThemeMusic.cpp" />
    <ClCompile Include="Objects\TopBar.cpp" />
  </ItemGroup>
  <ItemGroup>
    <ClInclude Include="View.h" />
    <ClInclude Include="DirectXViewProvider.h" />
    <ClInclude Include="D2DRenderer.h" />
    <ClInclude Include="DirectXBase.h" />
    <ClInclude Include="DirectXSample.h" />
    <ClInclude Include="Objects\Puck.h" />
    <ClInclude Include="Objects\Stick.h" />
    <ClInclude Include="Objects\Player.h" />
    <ClInclude Include="Objects\Scene.h" />
    <ClInclude Include="Objects\b2UserData.h" />
    <ClInclude Include="Objects\Goal.h" />
    <ClInclude Include="Objects\Score.h" />
    <ClInclude Include="Objects\Game.h" />
    <ClInclude Include="Objects\GameMenu.h" />
    <ClInclude Include="Utility.h" />
    <ClInclude Include="ThemeMusic.h" />
    <ClInclude Include="Objects\TopBar.h" />
  </ItemGroup>
  <ItemGroup>
    <Image Include="Images\logo.png">
      <Filter>Resources</Filter>
    </Image>
    <Image Include="Images\smalllogo.png">
      <Filter>Resources</Filter>
    </Image>
    <Image Include="Images\splashscreen.png">
      <Filter>Resources</Filter>
    </Image>
    <Image Include="Images\storelogo.png">
      <Filter>Resources</Filter>
    </Image>
  </ItemGroup>
  <ItemGroup>
    <None Include="Sound\pucktheme.mp3" />
    <None Include="Package.StoreAssociation.xml" />
    <None Include="Puck_StoreKey.pfx" />
  </ItemGroup>
</Project>
