<?xml version="1.0" encoding="utf-8"?>
<Project ToolsVersion="4.0" xmlns="http://schemas.microsoft.com/developer/msbuild/2003">
  <ItemGroup>
    <Filter Include="Resources">
      <UniqueIdentifier>6a28a3e9-ccdb-458d-8e54-9da13cd33da4</UniqueIdentifier>
      <Extensions>ico;bmp;dlg;gif;jpg;jpeg;jpe;resx;tiff;tif;png;wav;resw;resjson</Extensions>
    </Filter>
  </ItemGroup>
  <ItemGroup>
    <AppxManifest Include="Package.appxmanifest" />
  </ItemGroup>
  <ItemGroup>
    <ClCompile Include="Main.cpp" />
    <ClCompile Include="View.cpp" />
    <ClCompile Include="DirectXViewProvider.cpp" />
    <ClCompile Include="D2DRenderer.cpp" />
    <ClCompile Include="DirectXBase.cpp" />
    <ClCompile Include="Box2D\Collision\Shapes\b2ChainShape.cpp" />
    <ClCompile Include="Box2D\Collision\Shapes\b2CircleShape.cpp" />
    <ClCompile Include="Box2D\Collision\Shapes\b2EdgeShape.cpp" />
    <ClCompile Include="Box2D\Collision\Shapes\b2PolygonShape.cpp" />
    <ClCompile Include="Box2D\Collision\b2BroadPhase.cpp" />
    <ClCompile Include="Box2D\Collision\b2CollideCircle.cpp" />
    <ClCompile Include="Box2D\Collision\b2CollideEdge.cpp" />
    <ClCompile Include="Box2D\Collision\b2CollidePolygon.cpp" />
    <ClCompile Include="Box2D\Collision\b2Collision.cpp" />
    <ClCompile Include="Box2D\Collision\b2Distance.cpp" />
    <ClCompile Include="Box2D\Collision\b2DynamicTree.cpp" />
    <ClCompile Include="Box2D\Collision\b2TimeOfImpact.cpp" />
    <ClCompile Include="Box2D\Common\b2BlockAllocator.cpp" />
    <ClCompile Include="Box2D\Common\b2Draw.cpp" />
    <ClCompile Include="Box2D\Common\b2Math.cpp" />
    <ClCompile Include="Box2D\Common\b2Settings.cpp" />
    <ClCompile Include="Box2D\Common\b2StackAllocator.cpp" />
    <ClCompile Include="Box2D\Common\b2Timer.cpp" />
    <ClCompile Include="Box2D\Dynamics\Contacts\b2ChainAndCircleContact.cpp" />
    <ClCompile Include="Box2D\Dynamics\Contacts\b2ChainAndPolygonContact.cpp" />
    <ClCompile Include="Box2D\Dynamics\Contacts\b2CircleContact.cpp" />
    <ClCompile Include="Box2D\Dynamics\Contacts\b2Contact.cpp" />
    <ClCompile Include="Box2D\Dynamics\Contacts\b2ContactSolver.cpp" />
    <ClCompile Include="Box2D\Dynamics\Contacts\b2EdgeAndCircleContact.cpp" />
    <ClCompile Include="Box2D\Dynamics\Contacts\b2EdgeAndPolygonContact.cpp" />
    <ClCompile Include="Box2D\Dynamics\Contacts\b2PolygonAndCircleContact.cpp" />
    <ClCompile Include="Box2D\Dynamics\Contacts\b2PolygonContact.cpp" />
    <ClCompile Include="Box2D\Dynamics\Joints\b2DistanceJoint.cpp" />
    <ClCompile Include="Box2D\Dynamics\Joints\b2FrictionJoint.cpp" />
    <ClCompile Include="Box2D\Dynamics\Joints\b2GearJoint.cpp" />
    <ClCompile Include="Box2D\Dynamics\Joints\b2Joint.cpp" />
    <ClCompile Include="Box2D\Dynamics\Joints\b2MouseJoint.cpp" />
    <ClCompile Include="Box2D\Dynamics\Joints\b2PrismaticJoint.cpp" />
    <ClCompile Include="Box2D\Dynamics\Joints\b2PulleyJoint.cpp" />
    <ClCompile Include="Box2D\Dynamics\Joints\b2RevoluteJoint.cpp" />
    <ClCompile Include="Box2D\Dynamics\Joints\b2RopeJoint.cpp" />
    <ClCompile Include="Box2D\Dynamics\Joints\b2WeldJoint.cpp" />
    <ClCompile Include="Box2D\Dynamics\Joints\b2WheelJoint.cpp" />
    <ClCompile Include="Box2D\Dynamics\b2Body.cpp" />
    <ClCompile Include="Box2D\Dynamics\b2ContactManager.cpp" />
    <ClCompile Include="Box2D\Dynamics\b2Fixture.cpp" />
    <ClCompile Include="Box2D\Dynamics\b2Island.cpp" />
    <ClCompile Include="Box2D\Dynamics\b2World.cpp" />
    <ClCompile Include="Box2D\Dynamics\b2WorldCallbacks.cpp" />
    <ClCompile Include="Box2D\Rope\b2Rope.cpp" />
    <ClCompile Include="Objects\Puck.cpp" />
    <ClCompile Include="Objects\Stick.cpp" />
    <ClCompile Include="Objects\Player.cpp" />
    <ClCompile Include="Objects\Scene.cpp" />
    <ClCompile Include="Objects\b2UserData.cpp" />
    <ClCompile Include="Objects\Goal.cpp" />
    <ClCompile Include="Objects\Score.cpp" />
    <ClCompile Include="Objects\Game.cpp" />
    <ClCompile Include="Objects\GameMenu.cpp" />
    <ClCompile Include="Utility.cpp" />
    <ClCompile Include="ThemeMusic.cpp" />
  </ItemGroup>
  <ItemGroup>
    <ClInclude Include="View.h" />
    <ClInclude Include="DirectXViewProvider.h" />
    <ClInclude Include="D2DRenderer.h" />
    <ClInclude Include="DirectXBase.h" />
    <ClInclude Include="DirectXSample.h" />
    <ClInclude Include="Box2D\Collision\Shapes\b2ChainShape.h" />
    <ClInclude Include="Box2D\Collision\Shapes\b2CircleShape.h" />
    <ClInclude Include="Box2D\Collision\Shapes\b2EdgeShape.h" />
    <ClInclude Include="Box2D\Collision\Shapes\b2PolygonShape.h" />
    <ClInclude Include="Box2D\Collision\Shapes\b2Shape.h" />
    <ClInclude Include="Box2D\Collision\b2BroadPhase.h" />
    <ClInclude Include="Box2D\Collision\b2Collision.h" />
    <ClInclude Include="Box2D\Collision\b2Distance.h" />
    <ClInclude Include="Box2D\Collision\b2DynamicTree.h" />
    <ClInclude Include="Box2D\Collision\b2TimeOfImpact.h" />
    <ClInclude Include="Box2D\Common\b2BlockAllocator.h" />
    <ClInclude Include="Box2D\Common\b2Draw.h" />
    <ClInclude Include="Box2D\Common\b2GrowableStack.h" />
    <ClInclude Include="Box2D\Common\b2Math.h" />
    <ClInclude Include="Box2D\Common\b2Settings.h" />
    <ClInclude Include="Box2D\Common\b2StackAllocator.h" />
    <ClInclude Include="Box2D\Common\b2Timer.h" />
    <ClInclude Include="Box2D\Dynamics\Contacts\b2ChainAndCircleContact.h" />
    <ClInclude Include="Box2D\Dynamics\Contacts\b2ChainAndPolygonContact.h" />
    <ClInclude Include="Box2D\Dynamics\Contacts\b2CircleContact.h" />
    <ClInclude Include="Box2D\Dynamics\Contacts\b2Contact.h" />
    <ClInclude Include="Box2D\Dynamics\Contacts\b2ContactSolver.h" />
    <ClInclude Include="Box2D\Dynamics\Contacts\b2EdgeAndCircleContact.h" />
    <ClInclude Include="Box2D\Dynamics\Contacts\b2EdgeAndPolygonContact.h" />
    <ClInclude Include="Box2D\Dynamics\Contacts\b2PolygonAndCircleContact.h" />
    <ClInclude Include="Box2D\Dynamics\Contacts\b2PolygonContact.h" />
    <ClInclude Include="Box2D\Dynamics\Joints\b2DistanceJoint.h" />
    <ClInclude Include="Box2D\Dynamics\Joints\b2FrictionJoint.h" />
    <ClInclude Include="Box2D\Dynamics\Joints\b2GearJoint.h" />
    <ClInclude Include="Box2D\Dynamics\Joints\b2Joint.h" />
    <ClInclude Include="Box2D\Dynamics\Joints\b2MouseJoint.h" />
    <ClInclude Include="Box2D\Dynamics\Joints\b2PrismaticJoint.h" />
    <ClInclude Include="Box2D\Dynamics\Joints\b2PulleyJoint.h" />
    <ClInclude Include="Box2D\Dynamics\Joints\b2RevoluteJoint.h" />
    <ClInclude Include="Box2D\Dynamics\Joints\b2RopeJoint.h" />
    <ClInclude Include="Box2D\Dynamics\Joints\b2WeldJoint.h" />
    <ClInclude Include="Box2D\Dynamics\Joints\b2WheelJoint.h" />
    <ClInclude Include="Box2D\Dynamics\b2Body.h" />
    <ClInclude Include="Box2D\Dynamics\b2ContactManager.h" />
    <ClInclude Include="Box2D\Dynamics\b2Fixture.h" />
    <ClInclude Include="Box2D\Dynamics\b2Island.h" />
    <ClInclude Include="Box2D\Dynamics\b2TimeStep.h" />
    <ClInclude Include="Box2D\Dynamics\b2World.h" />
    <ClInclude Include="Box2D\Dynamics\b2WorldCallbacks.h" />
    <ClInclude Include="Box2D\Rope\b2Rope.h" />
    <ClInclude Include="Box2D\Box2D.h" />
    <ClInclude Include="Objects\Puck.h" />
    <ClInclude Include="Objects\Stick.h" />
    <ClInclude Include="Objects\Player.h" />
    <ClInclude Include="Objects\Scene.h" />
    <ClInclude Include="Objects\b2UserData.h" />
    <ClInclude Include="Objects\Goal.h" />
    <ClInclude Include="Objects\Score.h" />
    <ClInclude Include="Objects\Game.h" />
    <ClInclude Include="Objects\GameMenu.h" />
    <ClInclude Include="Utility.h" />
    <ClInclude Include="ThemeMusic.h" />
  </ItemGroup>
  <ItemGroup>
    <Image Include="Images\logo.png">
      <Filter>Resources</Filter>
    </Image>
    <Image Include="Images\smalllogo.png">
      <Filter>Resources</Filter>
    </Image>
    <Image Include="Images\splashscreen.png">
      <Filter>Resources</Filter>
    </Image>
    <Image Include="Images\storelogo.png">
      <Filter>Resources</Filter>
    </Image>
  </ItemGroup>
  <ItemGroup>
    <None Include="Sound\pucktheme.mp3" />
  </ItemGroup>
</Project>