<?xml version="1.0" encoding="utf-8"?>
<Project ToolsVersion="4.0" xmlns="http://schemas.microsoft.com/developer/msbuild/2003">
  <ItemGroup>
    <Filter Include="Source Files">
      <UniqueIdentifier>{4FC737F1-C7A5-4376-A066-2A32D752A2FF}</UniqueIdentifier>
      <Extensions>cpp;c;cc;cxx;def;odl;idl;hpj;bat;asm;asmx</Extensions>
    </Filter>
    <Filter Include="Header Files">
      <UniqueIdentifier>{93995380-89BD-4b04-88EB-625FBE52EBFB}</UniqueIdentifier>
      <Extensions>h;hpp;hxx;hm;inl;inc;xsd</Extensions>
    </Filter>
    <Filter Include="Resource Files">
      <UniqueIdentifier>{67DA6AB6-F800-4c08-8B7A-83BB121AAD01}</UniqueIdentifier>
      <Extensions>rc;ico;cur;bmp;dlg;rc2;rct;bin;rgs;gif;jpg;jpeg;jpe;resx;tiff;tif;png;wav;mfcribbon-ms</Extensions>
    </Filter>
  </ItemGroup>
  <ItemGroup>
    <ClCompile Include="Objects\b2UserData.cpp">
      <Filter>Source Files</Filter>
    </ClCompile>
    <ClCompile Include="Objects\Game.cpp">
      <Filter>Source Files</Filter>
    </ClCompile>
    <ClCompile Include="Objects\GameMenu.cpp">
      <Filter>Source Files</Filter>
    </ClCompile>
    <ClCompile Include="Objects\Goal.cpp">
      <Filter>Source Files</Filter>
    </ClCompile>
    <ClCompile Include="Objects\Player.cpp">
      <Filter>Source Files</Filter>
    </ClCompile>
    <ClCompile Include="Objects\Puck.cpp">
      <Filter>Source Files</Filter>
    </ClCompile>
    <ClCompile Include="Objects\Scene.cpp">
      <Filter>Source Files</Filter>
    </ClCompile>
    <ClCompile Include="Objects\Score.cpp">
      <Filter>Source Files</Filter>
    </ClCompile>
    <ClCompile Include="Objects\Stick.cpp">
      <Filter>Source Files</Filter>
    </ClCompile>
    <ClCompile Include="Objects\TopBar.cpp">
      <Filter>Source Files</Filter>
    </ClCompile>
    <ClCompile Include="D2DRenderer.cpp">
      <Filter>Source Files</Filter>
    </ClCompile>
    <ClCompile Include="DirectXBase.cpp">
      <Filter>Source Files</Filter>
    </ClCompile>
    <ClCompile Include="DirectXViewProvider.cpp">
      <Filter>Source Files</Filter>
    </ClCompile>
    <ClCompile Include="Main.cpp">
      <Filter>Source Files</Filter>
    </ClCompile>
    <ClCompile Include="ThemeMusic.cpp">
      <Filter>Source Files</Filter>
    </ClCompile>
    <ClCompile Include="Utility.cpp">
      <Filter>Source Files</Filter>
    </ClCompile>
    <ClCompile Include="View.cpp">
      <Filter>Source Files</Filter>
    </ClCompile>
  </ItemGroup>
  <ItemGroup>
    <ClInclude Include="Objects\b2UserData.h">
      <Filter>Header Files</Filter>
    </ClInclude>
    <ClInclude Include="Objects\Game.h">
      <Filter>Header Files</Filter>
    </ClInclude>
    <ClInclude Include="Objects\GameMenu.h">
      <Filter>Header Files</Filter>
    </ClInclude>
    <ClInclude Include="Objects\Goal.h">
      <Filter>Header Files</Filter>
    </ClInclude>
    <ClInclude Include="Objects\Player.h">
      <Filter>Header Files</Filter>
    </ClInclude>
    <ClInclude Include="Objects\Puck.h">
      <Filter>Header Files</Filter>
    </ClInclude>
    <ClInclude Include="Objects\Scene.h">
      <Filter>Header Files</Filter>
    </ClInclude>
    <ClInclude Include="Objects\Score.h">
      <Filter>Header Files</Filter>
    </ClInclude>
    <ClInclude Include="Objects\Stick.h">
      <Filter>Header Files</Filter>
    </ClInclude>
    <ClInclude Include="Objects\TopBar.h">
      <Filter>Header Files</Filter>
    </ClInclude>
    <ClInclude Include="D2DRenderer.h">
      <Filter>Header Files</Filter>
    </ClInclude>
    <ClInclude Include="DirectXBase.h">
      <Filter>Header Files</Filter>
    </ClInclude>
    <ClInclude Include="DirectXViewProvider.h">
      <Filter>Header Files</Filter>
    </ClInclude>
    <ClInclude Include="ThemeMusic.h">
      <Filter>Header Files</Filter>
    </ClInclude>
    <ClInclude Include="Utility.h">
      <Filter>Header Files</Filter>
    </ClInclude>
    <ClInclude Include="View.h">
      <Filter>Header Files</Filter>
    </ClInclude>
  </ItemGroup>
  <ItemGroup>
    <AppxManifest Include="package.appxmanifest" />
  </ItemGroup>
  <ItemGroup>
    <None Include="Package.StoreAssociation.xml" />
    <None Include="Puck_StoreKey.pfx" />
    <None Include="TODO.txt" />
    <None Include="Sound\pucktheme.mp3" />
  </ItemGroup>
  <ItemGroup>
    <Image Include="Images\logo.png">
      <Filter>Resource Files</Filter>
    </Image>
    <Image Include="Images\smalllogo.png">
      <Filter>Resource Files</Filter>
    </Image>
    <Image Include="Images\splashscreen.png">
      <Filter>Resource Files</Filter>
    </Image>
    <Image Include="Images\storelogo.png">
      <Filter>Resource Files</Filter>
    </Image>
  </ItemGroup>
</Project>